Microsoft Visual Studio Solution File, Format Version 12.00
# Visual Studio 14
Project("{2150E333-8FDC-42A3-9474-1A3956D46DE8}") = "CMakePredefinedTargets", "CMakePredefinedTargets", "{CF977975-CB0C-3416-ADA3-DCEFBD647C22}"
EndProject
Project("{2150E333-8FDC-42A3-9474-1A3956D46DE8}") = "GLFW3", "GLFW3", "{6A5C1188-ED80-319D-9CEC-CF67D6E6F4AB}"
EndProject
Project("{2150E333-8FDC-42A3-9474-1A3956D46DE8}") = "Examples", "GLFW3\Examples", "{4783607A-A5AC-36A3-925E-F6A1F815AD72}"
EndProject
Project("{2150E333-8FDC-42A3-9474-1A3956D46DE8}") = "Tests", "GLFW3\Tests", "{BDEB4404-2F17-3958-BDAD-3AE48DB24C1E}"
EndProject
Project("{8BC9CEB8-8B4A-11D0-8D11-00A0C91BC942}") = "ALL_BUILD", "ALL_BUILD.vcxproj", "{5983D90A-DBB3-3D31-897D-02F804BDFFBC}"
	ProjectSection(ProjectDependencies) = postProject
		{C9FD6E5F-1AE0-3A17-A0AF-DE253EEC75F4} = {C9FD6E5F-1AE0-3A17-A0AF-DE253EEC75F4}
		{64551576-C137-31F2-B84F-9D96B52E77C8} = {64551576-C137-31F2-B84F-9D96B52E77C8}
		{95C30C3C-CDFC-3968-9C70-5CA8866E9CBE} = {95C30C3C-CDFC-3968-9C70-5CA8866E9CBE}
		{0D178640-557C-39B0-8E5B-4C64571E121C} = {0D178640-557C-39B0-8E5B-4C64571E121C}
		{27C04ED6-4024-3086-929A-44FA390894C2} = {27C04ED6-4024-3086-929A-44FA390894C2}
		{AE50BE9B-1CD5-3568-86F7-268902A4B184} = {AE50BE9B-1CD5-3568-86F7-268902A4B184}
		{1D2B8047-8DA1-3EF9-BF0E-4CCAC7892AD1} = {1D2B8047-8DA1-3EF9-BF0E-4CCAC7892AD1}
		{E42A9E3F-5A73-3CD7-8CE7-55C38C212F4F} = {E42A9E3F-5A73-3CD7-8CE7-55C38C212F4F}
		{AD54F93E-D0B7-3E52-97ED-AA14D6041F24} = {AD54F93E-D0B7-3E52-97ED-AA14D6041F24}
		{0913C538-6378-38EC-B0C0-ECC191852836} = {0913C538-6378-38EC-B0C0-ECC191852836}
		{0953BADA-EB11-32AF-A92D-8095B7EC8CD0} = {0953BADA-EB11-32AF-A92D-8095B7EC8CD0}
		{18B9B47D-0992-3E9A-9405-6614471F38DA} = {18B9B47D-0992-3E9A-9405-6614471F38DA}
		{772B00AF-8C60-37B5-AE1C-D53CFC048A2E} = {772B00AF-8C60-37B5-AE1C-D53CFC048A2E}
		{A0ED5E91-A8FC-31F4-8E03-0E8C6DC24FBC} = {A0ED5E91-A8FC-31F4-8E03-0E8C6DC24FBC}
		{832C9423-DDDC-3ECB-A018-6449CD7BD355} = {832C9423-DDDC-3ECB-A018-6449CD7BD355}
		{EFF98250-9003-3F5A-8560-D2D93B01FF39} = {EFF98250-9003-3F5A-8560-D2D93B01FF39}
		{744D959C-827A-32A5-B8E0-BD10F3736CCA} = {744D959C-827A-32A5-B8E0-BD10F3736CCA}
		{A98A3225-00BA-3B26-8D55-9331BA85CC7C} = {A98A3225-00BA-3B26-8D55-9331BA85CC7C}
		{14D5F556-DB46-32DB-8DB8-49B224AE72E3} = {14D5F556-DB46-32DB-8DB8-49B224AE72E3}
		{0E28F6C2-5361-3E8B-938A-F0F89EAFC818} = {0E28F6C2-5361-3E8B-938A-F0F89EAFC818}
		{F615CF74-15CA-3A7A-81F5-4C19D69226E4} = {F615CF74-15CA-3A7A-81F5-4C19D69226E4}
		{C09B3985-2182-318C-AD06-7F1BA9369905} = {C09B3985-2182-318C-AD06-7F1BA9369905}
		{C63ECAF3-7C42-3E04-B081-9AC8A5D20FF7} = {C63ECAF3-7C42-3E04-B081-9AC8A5D20FF7}
		{5DD4ECDF-32EE-33AB-A2A7-FA4C86537B2E} = {5DD4ECDF-32EE-33AB-A2A7-FA4C86537B2E}
		{22659203-699D-3031-9516-B9C02317734B} = {22659203-699D-3031-9516-B9C02317734B}
		{A9906BF9-917E-3B82-AE1B-48785891301C} = {A9906BF9-917E-3B82-AE1B-48785891301C}
		{E25D9037-BBCD-38BC-9CBD-14375A8B39A4} = {E25D9037-BBCD-38BC-9CBD-14375A8B39A4}
		{CD21522D-208D-3FFA-AE55-A32B7068E9C6} = {CD21522D-208D-3FFA-AE55-A32B7068E9C6}
	EndProjectSection
EndProject
Project("{8BC9CEB8-8B4A-11D0-8D11-00A0C91BC942}") = "INSTALL", "INSTALL.vcxproj", "{0964D14E-8D6E-3F88-AB7B-BC5F12841667}"
	ProjectSection(ProjectDependencies) = postProject
		{5983D90A-DBB3-3D31-897D-02F804BDFFBC} = {5983D90A-DBB3-3D31-897D-02F804BDFFBC}
		{C9FD6E5F-1AE0-3A17-A0AF-DE253EEC75F4} = {C9FD6E5F-1AE0-3A17-A0AF-DE253EEC75F4}
	EndProjectSection
EndProject
Project("{8BC9CEB8-8B4A-11D0-8D11-00A0C91BC942}") = "ZERO_CHECK", "ZERO_CHECK.vcxproj", "{C9FD6E5F-1AE0-3A17-A0AF-DE253EEC75F4}"
	ProjectSection(ProjectDependencies) = postProject
	EndProjectSection
EndProject
Project("{8BC9CEB8-8B4A-11D0-8D11-00A0C91BC942}") = "boing", "examples\boing.vcxproj", "{64551576-C137-31F2-B84F-9D96B52E77C8}"
	ProjectSection(ProjectDependencies) = postProject
		{C9FD6E5F-1AE0-3A17-A0AF-DE253EEC75F4} = {C9FD6E5F-1AE0-3A17-A0AF-DE253EEC75F4}
		{AD54F93E-D0B7-3E52-97ED-AA14D6041F24} = {AD54F93E-D0B7-3E52-97ED-AA14D6041F24}
	EndProjectSection
EndProject
Project("{8BC9CEB8-8B4A-11D0-8D11-00A0C91BC942}") = "clipboard", "tests\clipboard.vcxproj", "{95C30C3C-CDFC-3968-9C70-5CA8866E9CBE}"
	ProjectSection(ProjectDependencies) = postProject
		{C9FD6E5F-1AE0-3A17-A0AF-DE253EEC75F4} = {C9FD6E5F-1AE0-3A17-A0AF-DE253EEC75F4}
		{AD54F93E-D0B7-3E52-97ED-AA14D6041F24} = {AD54F93E-D0B7-3E52-97ED-AA14D6041F24}
	EndProjectSection
EndProject
Project("{8BC9CEB8-8B4A-11D0-8D11-00A0C91BC942}") = "cursor", "tests\cursor.vcxproj", "{0D178640-557C-39B0-8E5B-4C64571E121C}"
	ProjectSection(ProjectDependencies) = postProject
		{C9FD6E5F-1AE0-3A17-A0AF-DE253EEC75F4} = {C9FD6E5F-1AE0-3A17-A0AF-DE253EEC75F4}
		{AD54F93E-D0B7-3E52-97ED-AA14D6041F24} = {AD54F93E-D0B7-3E52-97ED-AA14D6041F24}
	EndProjectSection
EndProject
Project("{8BC9CEB8-8B4A-11D0-8D11-00A0C91BC942}") = "empty", "tests\empty.vcxproj", "{27C04ED6-4024-3086-929A-44FA390894C2}"
	ProjectSection(ProjectDependencies) = postProject
		{C9FD6E5F-1AE0-3A17-A0AF-DE253EEC75F4} = {C9FD6E5F-1AE0-3A17-A0AF-DE253EEC75F4}
		{AD54F93E-D0B7-3E52-97ED-AA14D6041F24} = {AD54F93E-D0B7-3E52-97ED-AA14D6041F24}
	EndProjectSection
EndProject
Project("{8BC9CEB8-8B4A-11D0-8D11-00A0C91BC942}") = "events", "tests\events.vcxproj", "{AE50BE9B-1CD5-3568-86F7-268902A4B184}"
	ProjectSection(ProjectDependencies) = postProject
		{C9FD6E5F-1AE0-3A17-A0AF-DE253EEC75F4} = {C9FD6E5F-1AE0-3A17-A0AF-DE253EEC75F4}
		{AD54F93E-D0B7-3E52-97ED-AA14D6041F24} = {AD54F93E-D0B7-3E52-97ED-AA14D6041F24}
	EndProjectSection
EndProject
Project("{8BC9CEB8-8B4A-11D0-8D11-00A0C91BC942}") = "gamma", "tests\gamma.vcxproj", "{1D2B8047-8DA1-3EF9-BF0E-4CCAC7892AD1}"
	ProjectSection(ProjectDependencies) = postProject
		{C9FD6E5F-1AE0-3A17-A0AF-DE253EEC75F4} = {C9FD6E5F-1AE0-3A17-A0AF-DE253EEC75F4}
		{AD54F93E-D0B7-3E52-97ED-AA14D6041F24} = {AD54F93E-D0B7-3E52-97ED-AA14D6041F24}
	EndProjectSection
EndProject
Project("{8BC9CEB8-8B4A-11D0-8D11-00A0C91BC942}") = "gears", "examples\gears.vcxproj", "{E42A9E3F-5A73-3CD7-8CE7-55C38C212F4F}"
	ProjectSection(ProjectDependencies) = postProject
		{C9FD6E5F-1AE0-3A17-A0AF-DE253EEC75F4} = {C9FD6E5F-1AE0-3A17-A0AF-DE253EEC75F4}
		{AD54F93E-D0B7-3E52-97ED-AA14D6041F24} = {AD54F93E-D0B7-3E52-97ED-AA14D6041F24}
	EndProjectSection
EndProject
Project("{8BC9CEB8-8B4A-11D0-8D11-00A0C91BC942}") = "glfw", "src\glfw.vcxproj", "{AD54F93E-D0B7-3E52-97ED-AA14D6041F24}"
	ProjectSection(ProjectDependencies) = postProject
		{C9FD6E5F-1AE0-3A17-A0AF-DE253EEC75F4} = {C9FD6E5F-1AE0-3A17-A0AF-DE253EEC75F4}
	EndProjectSection
EndProject
Project("{8BC9CEB8-8B4A-11D0-8D11-00A0C91BC942}") = "glfwinfo", "tests\glfwinfo.vcxproj", "{0913C538-6378-38EC-B0C0-ECC191852836}"
	ProjectSection(ProjectDependencies) = postProject
		{C9FD6E5F-1AE0-3A17-A0AF-DE253EEC75F4} = {C9FD6E5F-1AE0-3A17-A0AF-DE253EEC75F4}
		{AD54F93E-D0B7-3E52-97ED-AA14D6041F24} = {AD54F93E-D0B7-3E52-97ED-AA14D6041F24}
	EndProjectSection
EndProject
Project("{8BC9CEB8-8B4A-11D0-8D11-00A0C91BC942}") = "heightmap", "examples\heightmap.vcxproj", "{0953BADA-EB11-32AF-A92D-8095B7EC8CD0}"
	ProjectSection(ProjectDependencies) = postProject
		{C9FD6E5F-1AE0-3A17-A0AF-DE253EEC75F4} = {C9FD6E5F-1AE0-3A17-A0AF-DE253EEC75F4}
		{AD54F93E-D0B7-3E52-97ED-AA14D6041F24} = {AD54F93E-D0B7-3E52-97ED-AA14D6041F24}
	EndProjectSection
EndProject
Project("{8BC9CEB8-8B4A-11D0-8D11-00A0C91BC942}") = "icon", "tests\icon.vcxproj", "{18B9B47D-0992-3E9A-9405-6614471F38DA}"
	ProjectSection(ProjectDependencies) = postProject
		{C9FD6E5F-1AE0-3A17-A0AF-DE253EEC75F4} = {C9FD6E5F-1AE0-3A17-A0AF-DE253EEC75F4}
		{AD54F93E-D0B7-3E52-97ED-AA14D6041F24} = {AD54F93E-D0B7-3E52-97ED-AA14D6041F24}
	EndProjectSection
EndProject
Project("{8BC9CEB8-8B4A-11D0-8D11-00A0C91BC942}") = "iconify", "tests\iconify.vcxproj", "{772B00AF-8C60-37B5-AE1C-D53CFC048A2E}"
	ProjectSection(ProjectDependencies) = postProject
		{C9FD6E5F-1AE0-3A17-A0AF-DE253EEC75F4} = {C9FD6E5F-1AE0-3A17-A0AF-DE253EEC75F4}
		{AD54F93E-D0B7-3E52-97ED-AA14D6041F24} = {AD54F93E-D0B7-3E52-97ED-AA14D6041F24}
	EndProjectSection
EndProject
Project("{8BC9CEB8-8B4A-11D0-8D11-00A0C91BC942}") = "joysticks", "tests\joysticks.vcxproj", "{A0ED5E91-A8FC-31F4-8E03-0E8C6DC24FBC}"
	ProjectSection(ProjectDependencies) = postProject
		{C9FD6E5F-1AE0-3A17-A0AF-DE253EEC75F4} = {C9FD6E5F-1AE0-3A17-A0AF-DE253EEC75F4}
		{AD54F93E-D0B7-3E52-97ED-AA14D6041F24} = {AD54F93E-D0B7-3E52-97ED-AA14D6041F24}
	EndProjectSection
EndProject
Project("{8BC9CEB8-8B4A-11D0-8D11-00A0C91BC942}") = "monitors", "tests\monitors.vcxproj", "{832C9423-DDDC-3ECB-A018-6449CD7BD355}"
	ProjectSection(ProjectDependencies) = postProject
		{C9FD6E5F-1AE0-3A17-A0AF-DE253EEC75F4} = {C9FD6E5F-1AE0-3A17-A0AF-DE253EEC75F4}
		{AD54F93E-D0B7-3E52-97ED-AA14D6041F24} = {AD54F93E-D0B7-3E52-97ED-AA14D6041F24}
	EndProjectSection
EndProject
Project("{8BC9CEB8-8B4A-11D0-8D11-00A0C91BC942}") = "msaa", "tests\msaa.vcxproj", "{EFF98250-9003-3F5A-8560-D2D93B01FF39}"
	ProjectSection(ProjectDependencies) = postProject
		{C9FD6E5F-1AE0-3A17-A0AF-DE253EEC75F4} = {C9FD6E5F-1AE0-3A17-A0AF-DE253EEC75F4}
		{AD54F93E-D0B7-3E52-97ED-AA14D6041F24} = {AD54F93E-D0B7-3E52-97ED-AA14D6041F24}
	EndProjectSection
EndProject
Project("{8BC9CEB8-8B4A-11D0-8D11-00A0C91BC942}") = "offscreen", "examples\offscreen.vcxproj", "{744D959C-827A-32A5-B8E0-BD10F3736CCA}"
	ProjectSection(ProjectDependencies) = postProject
		{C9FD6E5F-1AE0-3A17-A0AF-DE253EEC75F4} = {C9FD6E5F-1AE0-3A17-A0AF-DE253EEC75F4}
		{AD54F93E-D0B7-3E52-97ED-AA14D6041F24} = {AD54F93E-D0B7-3E52-97ED-AA14D6041F24}
	EndProjectSection
EndProject
Project("{8BC9CEB8-8B4A-11D0-8D11-00A0C91BC942}") = "particles", "examples\particles.vcxproj", "{A98A3225-00BA-3B26-8D55-9331BA85CC7C}"
	ProjectSection(ProjectDependencies) = postProject
		{C9FD6E5F-1AE0-3A17-A0AF-DE253EEC75F4} = {C9FD6E5F-1AE0-3A17-A0AF-DE253EEC75F4}
		{AD54F93E-D0B7-3E52-97ED-AA14D6041F24} = {AD54F93E-D0B7-3E52-97ED-AA14D6041F24}
	EndProjectSection
EndProject
Project("{8BC9CEB8-8B4A-11D0-8D11-00A0C91BC942}") = "reopen", "tests\reopen.vcxproj", "{14D5F556-DB46-32DB-8DB8-49B224AE72E3}"
	ProjectSection(ProjectDependencies) = postProject
		{C9FD6E5F-1AE0-3A17-A0AF-DE253EEC75F4} = {C9FD6E5F-1AE0-3A17-A0AF-DE253EEC75F4}
		{AD54F93E-D0B7-3E52-97ED-AA14D6041F24} = {AD54F93E-D0B7-3E52-97ED-AA14D6041F24}
	EndProjectSection
EndProject
Project("{8BC9CEB8-8B4A-11D0-8D11-00A0C91BC942}") = "sharing", "tests\sharing.vcxproj", "{0E28F6C2-5361-3E8B-938A-F0F89EAFC818}"
	ProjectSection(ProjectDependencies) = postProject
		{C9FD6E5F-1AE0-3A17-A0AF-DE253EEC75F4} = {C9FD6E5F-1AE0-3A17-A0AF-DE253EEC75F4}
		{AD54F93E-D0B7-3E52-97ED-AA14D6041F24} = {AD54F93E-D0B7-3E52-97ED-AA14D6041F24}
	EndProjectSection
EndProject
Project("{8BC9CEB8-8B4A-11D0-8D11-00A0C91BC942}") = "simple", "examples\simple.vcxproj", "{F615CF74-15CA-3A7A-81F5-4C19D69226E4}"
	ProjectSection(ProjectDependencies) = postProject
		{C9FD6E5F-1AE0-3A17-A0AF-DE253EEC75F4} = {C9FD6E5F-1AE0-3A17-A0AF-DE253EEC75F4}
		{AD54F93E-D0B7-3E52-97ED-AA14D6041F24} = {AD54F93E-D0B7-3E52-97ED-AA14D6041F24}
	EndProjectSection
EndProject
Project("{8BC9CEB8-8B4A-11D0-8D11-00A0C91BC942}") = "splitview", "examples\splitview.vcxproj", "{C09B3985-2182-318C-AD06-7F1BA9369905}"
	ProjectSection(ProjectDependencies) = postProject
		{C9FD6E5F-1AE0-3A17-A0AF-DE253EEC75F4} = {C9FD6E5F-1AE0-3A17-A0AF-DE253EEC75F4}
		{AD54F93E-D0B7-3E52-97ED-AA14D6041F24} = {AD54F93E-D0B7-3E52-97ED-AA14D6041F24}
	EndProjectSection
EndProject
Project("{8BC9CEB8-8B4A-11D0-8D11-00A0C91BC942}") = "tearing", "tests\tearing.vcxproj", "{C63ECAF3-7C42-3E04-B081-9AC8A5D20FF7}"
	ProjectSection(ProjectDependencies) = postProject
		{C9FD6E5F-1AE0-3A17-A0AF-DE253EEC75F4} = {C9FD6E5F-1AE0-3A17-A0AF-DE253EEC75F4}
		{AD54F93E-D0B7-3E52-97ED-AA14D6041F24} = {AD54F93E-D0B7-3E52-97ED-AA14D6041F24}
	EndProjectSection
EndProject
Project("{8BC9CEB8-8B4A-11D0-8D11-00A0C91BC942}") = "threads", "tests\threads.vcxproj", "{5DD4ECDF-32EE-33AB-A2A7-FA4C86537B2E}"
	ProjectSection(ProjectDependencies) = postProject
		{C9FD6E5F-1AE0-3A17-A0AF-DE253EEC75F4} = {C9FD6E5F-1AE0-3A17-A0AF-DE253EEC75F4}
		{AD54F93E-D0B7-3E52-97ED-AA14D6041F24} = {AD54F93E-D0B7-3E52-97ED-AA14D6041F24}
	EndProjectSection
EndProject
Project("{8BC9CEB8-8B4A-11D0-8D11-00A0C91BC942}") = "timeout", "tests\timeout.vcxproj", "{22659203-699D-3031-9516-B9C02317734B}"
	ProjectSection(ProjectDependencies) = postProject
		{C9FD6E5F-1AE0-3A17-A0AF-DE253EEC75F4} = {C9FD6E5F-1AE0-3A17-A0AF-DE253EEC75F4}
		{AD54F93E-D0B7-3E52-97ED-AA14D6041F24} = {AD54F93E-D0B7-3E52-97ED-AA14D6041F24}
	EndProjectSection
EndProject
Project("{8BC9CEB8-8B4A-11D0-8D11-00A0C91BC942}") = "title", "tests\title.vcxproj", "{A9906BF9-917E-3B82-AE1B-48785891301C}"
	ProjectSection(ProjectDependencies) = postProject
		{C9FD6E5F-1AE0-3A17-A0AF-DE253EEC75F4} = {C9FD6E5F-1AE0-3A17-A0AF-DE253EEC75F4}
		{AD54F93E-D0B7-3E52-97ED-AA14D6041F24} = {AD54F93E-D0B7-3E52-97ED-AA14D6041F24}
	EndProjectSection
EndProject
Project("{8BC9CEB8-8B4A-11D0-8D11-00A0C91BC942}") = "uninstall", "uninstall.vcxproj", "{B985E7AE-5351-3CCE-B434-10856C6F924B}"
	ProjectSection(ProjectDependencies) = postProject
		{C9FD6E5F-1AE0-3A17-A0AF-DE253EEC75F4} = {C9FD6E5F-1AE0-3A17-A0AF-DE253EEC75F4}
	EndProjectSection
EndProject
Project("{8BC9CEB8-8B4A-11D0-8D11-00A0C91BC942}") = "wave", "examples\wave.vcxproj", "{E25D9037-BBCD-38BC-9CBD-14375A8B39A4}"
	ProjectSection(ProjectDependencies) = postProject
		{C9FD6E5F-1AE0-3A17-A0AF-DE253EEC75F4} = {C9FD6E5F-1AE0-3A17-A0AF-DE253EEC75F4}
		{AD54F93E-D0B7-3E52-97ED-AA14D6041F24} = {AD54F93E-D0B7-3E52-97ED-AA14D6041F24}
	EndProjectSection
EndProject
Project("{8BC9CEB8-8B4A-11D0-8D11-00A0C91BC942}") = "windows", "tests\windows.vcxproj", "{CD21522D-208D-3FFA-AE55-A32B7068E9C6}"
	ProjectSection(ProjectDependencies) = postProject
		{C9FD6E5F-1AE0-3A17-A0AF-DE253EEC75F4} = {C9FD6E5F-1AE0-3A17-A0AF-DE253EEC75F4}
		{AD54F93E-D0B7-3E52-97ED-AA14D6041F24} = {AD54F93E-D0B7-3E52-97ED-AA14D6041F24}
	EndProjectSection
EndProject
Global
	GlobalSection(SolutionConfigurationPlatforms) = preSolution
		Debug|x64 = Debug|x64
		Release|x64 = Release|x64
	EndGlobalSection
	GlobalSection(ProjectConfigurationPlatforms) = postSolution
		{5983D90A-DBB3-3D31-897D-02F804BDFFBC}.Debug|x64.ActiveCfg = Debug|x64
		{5983D90A-DBB3-3D31-897D-02F804BDFFBC}.Debug|x64.Build.0 = Debug|x64
		{5983D90A-DBB3-3D31-897D-02F804BDFFBC}.Release|x64.ActiveCfg = Release|x64
		{5983D90A-DBB3-3D31-897D-02F804BDFFBC}.Release|x64.Build.0 = Release|x64
		{0964D14E-8D6E-3F88-AB7B-BC5F12841667}.Debug|x64.ActiveCfg = Debug|x64
		{0964D14E-8D6E-3F88-AB7B-BC5F12841667}.Release|x64.ActiveCfg = Release|x64
		{C9FD6E5F-1AE0-3A17-A0AF-DE253EEC75F4}.Debug|x64.ActiveCfg = Debug|x64
		{C9FD6E5F-1AE0-3A17-A0AF-DE253EEC75F4}.Debug|x64.Build.0 = Debug|x64
		{C9FD6E5F-1AE0-3A17-A0AF-DE253EEC75F4}.Release|x64.ActiveCfg = Release|x64
		{C9FD6E5F-1AE0-3A17-A0AF-DE253EEC75F4}.Release|x64.Build.0 = Release|x64
		{64551576-C137-31F2-B84F-9D96B52E77C8}.Debug|x64.ActiveCfg = Debug|x64
		{64551576-C137-31F2-B84F-9D96B52E77C8}.Debug|x64.Build.0 = Debug|x64
		{64551576-C137-31F2-B84F-9D96B52E77C8}.Release|x64.ActiveCfg = Release|x64
		{64551576-C137-31F2-B84F-9D96B52E77C8}.Release|x64.Build.0 = Release|x64
		{95C30C3C-CDFC-3968-9C70-5CA8866E9CBE}.Debug|x64.ActiveCfg = Debug|x64
		{95C30C3C-CDFC-3968-9C70-5CA8866E9CBE}.Debug|x64.Build.0 = Debug|x64
		{95C30C3C-CDFC-3968-9C70-5CA8866E9CBE}.Release|x64.ActiveCfg = Release|x64
		{95C30C3C-CDFC-3968-9C70-5CA8866E9CBE}.Release|x64.Build.0 = Release|x64
		{0D178640-557C-39B0-8E5B-4C64571E121C}.Debug|x64.ActiveCfg = Debug|x64
		{0D178640-557C-39B0-8E5B-4C64571E121C}.Debug|x64.Build.0 = Debug|x64
		{0D178640-557C-39B0-8E5B-4C64571E121C}.Release|x64.ActiveCfg = Release|x64
		{0D178640-557C-39B0-8E5B-4C64571E121C}.Release|x64.Build.0 = Release|x64
		{27C04ED6-4024-3086-929A-44FA390894C2}.Debug|x64.ActiveCfg = Debug|x64
		{27C04ED6-4024-3086-929A-44FA390894C2}.Debug|x64.Build.0 = Debug|x64
		{27C04ED6-4024-3086-929A-44FA390894C2}.Release|x64.ActiveCfg = Release|x64
		{27C04ED6-4024-3086-929A-44FA390894C2}.Release|x64.Build.0 = Release|x64
		{AE50BE9B-1CD5-3568-86F7-268902A4B184}.Debug|x64.ActiveCfg = Debug|x64
		{AE50BE9B-1CD5-3568-86F7-268902A4B184}.Debug|x64.Build.0 = Debug|x64
		{AE50BE9B-1CD5-3568-86F7-268902A4B184}.Release|x64.ActiveCfg = Release|x64
		{AE50BE9B-1CD5-3568-86F7-268902A4B184}.Release|x64.Build.0 = Release|x64
		{1D2B8047-8DA1-3EF9-BF0E-4CCAC7892AD1}.Debug|x64.ActiveCfg = Debug|x64
		{1D2B8047-8DA1-3EF9-BF0E-4CCAC7892AD1}.Debug|x64.Build.0 = Debug|x64
		{1D2B8047-8DA1-3EF9-BF0E-4CCAC7892AD1}.Release|x64.ActiveCfg = Release|x64
		{1D2B8047-8DA1-3EF9-BF0E-4CCAC7892AD1}.Release|x64.Build.0 = Release|x64
		{E42A9E3F-5A73-3CD7-8CE7-55C38C212F4F}.Debug|x64.ActiveCfg = Debug|x64
		{E42A9E3F-5A73-3CD7-8CE7-55C38C212F4F}.Debug|x64.Build.0 = Debug|x64
		{E42A9E3F-5A73-3CD7-8CE7-55C38C212F4F}.Release|x64.ActiveCfg = Release|x64
		{E42A9E3F-5A73-3CD7-8CE7-55C38C212F4F}.Release|x64.Build.0 = Release|x64
		{AD54F93E-D0B7-3E52-97ED-AA14D6041F24}.Debug|x64.ActiveCfg = Debug|x64
		{AD54F93E-D0B7-3E52-97ED-AA14D6041F24}.Debug|x64.Build.0 = Debug|x64
		{AD54F93E-D0B7-3E52-97ED-AA14D6041F24}.Release|x64.ActiveCfg = Release|x64
		{AD54F93E-D0B7-3E52-97ED-AA14D6041F24}.Release|x64.Build.0 = Release|x64
		{0913C538-6378-38EC-B0C0-ECC191852836}.Debug|x64.ActiveCfg = Debug|x64
		{0913C538-6378-38EC-B0C0-ECC191852836}.Debug|x64.Build.0 = Debug|x64
		{0913C538-6378-38EC-B0C0-ECC191852836}.Release|x64.ActiveCfg = Release|x64
		{0913C538-6378-38EC-B0C0-ECC191852836}.Release|x64.Build.0 = Release|x64
		{0953BADA-EB11-32AF-A92D-8095B7EC8CD0}.Debug|x64.ActiveCfg = Debug|x64
		{0953BADA-EB11-32AF-A92D-8095B7EC8CD0}.Debug|x64.Build.0 = Debug|x64
		{0953BADA-EB11-32AF-A92D-8095B7EC8CD0}.Release|x64.ActiveCfg = Release|x64
		{0953BADA-EB11-32AF-A92D-8095B7EC8CD0}.Release|x64.Build.0 = Release|x64
		{18B9B47D-0992-3E9A-9405-6614471F38DA}.Debug|x64.ActiveCfg = Debug|x64
		{18B9B47D-0992-3E9A-9405-6614471F38DA}.Debug|x64.Build.0 = Debug|x64
		{18B9B47D-0992-3E9A-9405-6614471F38DA}.Release|x64.ActiveCfg = Release|x64
		{18B9B47D-0992-3E9A-9405-6614471F38DA}.Release|x64.Build.0 = Release|x64
		{772B00AF-8C60-37B5-AE1C-D53CFC048A2E}.Debug|x64.ActiveCfg = Debug|x64
		{772B00AF-8C60-37B5-AE1C-D53CFC048A2E}.Debug|x64.Build.0 = Debug|x64
		{772B00AF-8C60-37B5-AE1C-D53CFC048A2E}.Release|x64.ActiveCfg = Release|x64
		{772B00AF-8C60-37B5-AE1C-D53CFC048A2E}.Release|x64.Build.0 = Release|x64
		{A0ED5E91-A8FC-31F4-8E03-0E8C6DC24FBC}.Debug|x64.ActiveCfg = Debug|x64
		{A0ED5E91-A8FC-31F4-8E03-0E8C6DC24FBC}.Debug|x64.Build.0 = Debug|x64
		{A0ED5E91-A8FC-31F4-8E03-0E8C6DC24FBC}.Release|x64.ActiveCfg = Release|x64
		{A0ED5E91-A8FC-31F4-8E03-0E8C6DC24FBC}.Release|x64.Build.0 = Release|x64
		{832C9423-DDDC-3ECB-A018-6449CD7BD355}.Debug|x64.ActiveCfg = Debug|x64
		{832C9423-DDDC-3ECB-A018-6449CD7BD355}.Debug|x64.Build.0 = Debug|x64
		{832C9423-DDDC-3ECB-A018-6449CD7BD355}.Release|x64.ActiveCfg = Release|x64
		{832C9423-DDDC-3ECB-A018-6449CD7BD355}.Release|x64.Build.0 = Release|x64
		{EFF98250-9003-3F5A-8560-D2D93B01FF39}.Debug|x64.ActiveCfg = Debug|x64
		{EFF98250-9003-3F5A-8560-D2D93B01FF39}.Debug|x64.Build.0 = Debug|x64
		{EFF98250-9003-3F5A-8560-D2D93B01FF39}.Release|x64.ActiveCfg = Release|x64
		{EFF98250-9003-3F5A-8560-D2D93B01FF39}.Release|x64.Build.0 = Release|x64
		{744D959C-827A-32A5-B8E0-BD10F3736CCA}.Debug|x64.ActiveCfg = Debug|x64
		{744D959C-827A-32A5-B8E0-BD10F3736CCA}.Debug|x64.Build.0 = Debug|x64
		{744D959C-827A-32A5-B8E0-BD10F3736CCA}.Release|x64.ActiveCfg = Release|x64
		{744D959C-827A-32A5-B8E0-BD10F3736CCA}.Release|x64.Build.0 = Release|x64
		{A98A3225-00BA-3B26-8D55-9331BA85CC7C}.Debug|x64.ActiveCfg = Debug|x64
		{A98A3225-00BA-3B26-8D55-9331BA85CC7C}.Debug|x64.Build.0 = Debug|x64
		{A98A3225-00BA-3B26-8D55-9331BA85CC7C}.Release|x64.ActiveCfg = Release|x64
		{A98A3225-00BA-3B26-8D55-9331BA85CC7C}.Release|x64.Build.0 = Release|x64
		{14D5F556-DB46-32DB-8DB8-49B224AE72E3}.Debug|x64.ActiveCfg = Debug|x64
		{14D5F556-DB46-32DB-8DB8-49B224AE72E3}.Debug|x64.Build.0 = Debug|x64
		{14D5F556-DB46-32DB-8DB8-49B224AE72E3}.Release|x64.ActiveCfg = Release|x64
		{14D5F556-DB46-32DB-8DB8-49B224AE72E3}.Release|x64.Build.0 = Release|x64
		{0E28F6C2-5361-3E8B-938A-F0F89EAFC818}.Debug|x64.ActiveCfg = Debug|x64
		{0E28F6C2-5361-3E8B-938A-F0F89EAFC818}.Debug|x64.Build.0 = Debug|x64
		{0E28F6C2-5361-3E8B-938A-F0F89EAFC818}.Release|x64.ActiveCfg = Release|x64
		{0E28F6C2-5361-3E8B-938A-F0F89EAFC818}.Release|x64.Build.0 = Release|x64
		{F615CF74-15CA-3A7A-81F5-4C19D69226E4}.Debug|x64.ActiveCfg = Debug|x64
		{F615CF74-15CA-3A7A-81F5-4C19D69226E4}.Debug|x64.Build.0 = Debug|x64
		{F615CF74-15CA-3A7A-81F5-4C19D69226E4}.Release|x64.ActiveCfg = Release|x64
		{F615CF74-15CA-3A7A-81F5-4C19D69226E4}.Release|x64.Build.0 = Release|x64
		{C09B3985-2182-318C-AD06-7F1BA9369905}.Debug|x64.ActiveCfg = Debug|x64
		{C09B3985-2182-318C-AD06-7F1BA9369905}.Debug|x64.Build.0 = Debug|x64
		{C09B3985-2182-318C-AD06-7F1BA9369905}.Release|x64.ActiveCfg = Release|x64
		{C09B3985-2182-318C-AD06-7F1BA9369905}.Release|x64.Build.0 = Release|x64
		{C63ECAF3-7C42-3E04-B081-9AC8A5D20FF7}.Debug|x64.ActiveCfg = Debug|x64
		{C63ECAF3-7C42-3E04-B081-9AC8A5D20FF7}.Debug|x64.Build.0 = Debug|x64
		{C63ECAF3-7C42-3E04-B081-9AC8A5D20FF7}.Release|x64.ActiveCfg = Release|x64
		{C63ECAF3-7C42-3E04-B081-9AC8A5D20FF7}.Release|x64.Build.0 = Release|x64
		{5DD4ECDF-32EE-33AB-A2A7-FA4C86537B2E}.Debug|x64.ActiveCfg = Debug|x64
		{5DD4ECDF-32EE-33AB-A2A7-FA4C86537B2E}.Debug|x64.Build.0 = Debug|x64
		{5DD4ECDF-32EE-33AB-A2A7-FA4C86537B2E}.Release|x64.ActiveCfg = Release|x64
		{5DD4ECDF-32EE-33AB-A2A7-FA4C86537B2E}.Release|x64.Build.0 = Release|x64
		{22659203-699D-3031-9516-B9C02317734B}.Debug|x64.ActiveCfg = Debug|x64
		{22659203-699D-3031-9516-B9C02317734B}.Debug|x64.Build.0 = Debug|x64
		{22659203-699D-3031-9516-B9C02317734B}.Release|x64.ActiveCfg = Release|x64
		{22659203-699D-3031-9516-B9C02317734B}.Release|x64.Build.0 = Release|x64
		{A9906BF9-917E-3B82-AE1B-48785891301C}.Debug|x64.ActiveCfg = Debug|x64
		{A9906BF9-917E-3B82-AE1B-48785891301C}.Debug|x64.Build.0 = Debug|x64
		{A9906BF9-917E-3B82-AE1B-48785891301C}.Release|x64.ActiveCfg = Release|x64
		{A9906BF9-917E-3B82-AE1B-48785891301C}.Release|x64.Build.0 = Release|x64
		{B985E7AE-5351-3CCE-B434-10856C6F924B}.Debug|x64.ActiveCfg = Debug|x64
		{B985E7AE-5351-3CCE-B434-10856C6F924B}.Release|x64.ActiveCfg = Release|x64
		{E25D9037-BBCD-38BC-9CBD-14375A8B39A4}.Debug|x64.ActiveCfg = Debug|x64
		{E25D9037-BBCD-38BC-9CBD-14375A8B39A4}.Debug|x64.Build.0 = Debug|x64
		{E25D9037-BBCD-38BC-9CBD-14375A8B39A4}.Release|x64.ActiveCfg = Release|x64
		{E25D9037-BBCD-38BC-9CBD-14375A8B39A4}.Release|x64.Build.0 = Release|x64
		{CD21522D-208D-3FFA-AE55-A32B7068E9C6}.Debug|x64.ActiveCfg = Debug|x64
		{CD21522D-208D-3FFA-AE55-A32B7068E9C6}.Debug|x64.Build.0 = Debug|x64
		{CD21522D-208D-3FFA-AE55-A32B7068E9C6}.Release|x64.ActiveCfg = Release|x64
		{CD21522D-208D-3FFA-AE55-A32B7068E9C6}.Release|x64.Build.0 = Release|x64
	EndGlobalSection
	GlobalSection(NestedProjects) = preSolution
		{5983D90A-DBB3-3D31-897D-02F804BDFFBC} = {CF977975-CB0C-3416-ADA3-DCEFBD647C22}
		{0964D14E-8D6E-3F88-AB7B-BC5F12841667} = {CF977975-CB0C-3416-ADA3-DCEFBD647C22}
		{C9FD6E5F-1AE0-3A17-A0AF-DE253EEC75F4} = {CF977975-CB0C-3416-ADA3-DCEFBD647C22}
		{4783607A-A5AC-36A3-925E-F6A1F815AD72} = {6A5C1188-ED80-319D-9CEC-CF67D6E6F4AB}
		{BDEB4404-2F17-3958-BDAD-3AE48DB24C1E} = {6A5C1188-ED80-319D-9CEC-CF67D6E6F4AB}
		{AD54F93E-D0B7-3E52-97ED-AA14D6041F24} = {6A5C1188-ED80-319D-9CEC-CF67D6E6F4AB}
		{64551576-C137-31F2-B84F-9D96B52E77C8} = {4783607A-A5AC-36A3-925E-F6A1F815AD72}
		{E42A9E3F-5A73-3CD7-8CE7-55C38C212F4F} = {4783607A-A5AC-36A3-925E-F6A1F815AD72}
		{0953BADA-EB11-32AF-A92D-8095B7EC8CD0} = {4783607A-A5AC-36A3-925E-F6A1F815AD72}
		{744D959C-827A-32A5-B8E0-BD10F3736CCA} = {4783607A-A5AC-36A3-925E-F6A1F815AD72}
		{A98A3225-00BA-3B26-8D55-9331BA85CC7C} = {4783607A-A5AC-36A3-925E-F6A1F815AD72}
		{F615CF74-15CA-3A7A-81F5-4C19D69226E4} = {4783607A-A5AC-36A3-925E-F6A1F815AD72}
		{C09B3985-2182-318C-AD06-7F1BA9369905} = {4783607A-A5AC-36A3-925E-F6A1F815AD72}
		{E25D9037-BBCD-38BC-9CBD-14375A8B39A4} = {4783607A-A5AC-36A3-925E-F6A1F815AD72}
		{95C30C3C-CDFC-3968-9C70-5CA8866E9CBE} = {BDEB4404-2F17-3958-BDAD-3AE48DB24C1E}
		{0D178640-557C-39B0-8E5B-4C64571E121C} = {BDEB4404-2F17-3958-BDAD-3AE48DB24C1E}
		{27C04ED6-4024-3086-929A-44FA390894C2} = {BDEB4404-2F17-3958-BDAD-3AE48DB24C1E}
		{AE50BE9B-1CD5-3568-86F7-268902A4B184} = {BDEB4404-2F17-3958-BDAD-3AE48DB24C1E}
		{1D2B8047-8DA1-3EF9-BF0E-4CCAC7892AD1} = {BDEB4404-2F17-3958-BDAD-3AE48DB24C1E}
		{0913C538-6378-38EC-B0C0-ECC191852836} = {BDEB4404-2F17-3958-BDAD-3AE48DB24C1E}
		{18B9B47D-0992-3E9A-9405-6614471F38DA} = {BDEB4404-2F17-3958-BDAD-3AE48DB24C1E}
		{772B00AF-8C60-37B5-AE1C-D53CFC048A2E} = {BDEB4404-2F17-3958-BDAD-3AE48DB24C1E}
		{A0ED5E91-A8FC-31F4-8E03-0E8C6DC24FBC} = {BDEB4404-2F17-3958-BDAD-3AE48DB24C1E}
		{832C9423-DDDC-3ECB-A018-6449CD7BD355} = {BDEB4404-2F17-3958-BDAD-3AE48DB24C1E}
		{EFF98250-9003-3F5A-8560-D2D93B01FF39} = {BDEB4404-2F17-3958-BDAD-3AE48DB24C1E}
		{14D5F556-DB46-32DB-8DB8-49B224AE72E3} = {BDEB4404-2F17-3958-BDAD-3AE48DB24C1E}
		{0E28F6C2-5361-3E8B-938A-F0F89EAFC818} = {BDEB4404-2F17-3958-BDAD-3AE48DB24C1E}
		{C63ECAF3-7C42-3E04-B081-9AC8A5D20FF7} = {BDEB4404-2F17-3958-BDAD-3AE48DB24C1E}
		{5DD4ECDF-32EE-33AB-A2A7-FA4C86537B2E} = {BDEB4404-2F17-3958-BDAD-3AE48DB24C1E}
		{22659203-699D-3031-9516-B9C02317734B} = {BDEB4404-2F17-3958-BDAD-3AE48DB24C1E}
		{A9906BF9-917E-3B82-AE1B-48785891301C} = {BDEB4404-2F17-3958-BDAD-3AE48DB24C1E}
		{CD21522D-208D-3FFA-AE55-A32B7068E9C6} = {BDEB4404-2F17-3958-BDAD-3AE48DB24C1E}
	EndGlobalSection
	GlobalSection(ExtensibilityGlobals) = postSolution
	EndGlobalSection
	GlobalSection(ExtensibilityAddIns) = postSolution
	EndGlobalSection
EndGlobal
