<?xml version="1.0" encoding="UTF-8"?>
<Project ToolsVersion="14.0" xmlns="http://schemas.microsoft.com/developer/msbuild/2003">
  <ItemGroup>
    <CustomBuild Include="E:\Development\glfw\CMakeFiles\171e603e67757c1171b405407450be55\INSTALL_force.rule">
      <Filter>CMake Rules</Filter>
    </CustomBuild>
  </ItemGroup>
  <ItemGroup>
    <Filter Include="CMake Rules">
      <UniqueIdentifier>{B9033F26-DB46-357E-AB89-900F45ADAF96}</UniqueIdentifier>
    </Filter>
  </ItemGroup>
</Project>
